
Microsoft Visual Studio Solution File, Format Version 12.00
# Visual Studio Version 17
VisualStudioVersion = 17.5.33516.290
MinimumVisualStudioVersion = 10.0.40219.1
Project("{FAE04EC0-301F-11D3-BF4B-00C04F79EFBC}") = "System Programming File Transfer Homework", "System Programming File Transfer Homework\System Programming File Transfer Homework.csproj", "{2F08ECC4-BFDB-4857-BB98-E95BF43293CF}"
EndProject
Global
	GlobalSection(SolutionConfigurationPlatforms) = preSolution
		Debug|Any CPU = Debug|Any CPU
		Release|Any CPU = Release|Any CPU
	EndGlobalSection
	GlobalSection(ProjectConfigurationPlatforms) = postSolution
		{2F08ECC4-BFDB-4857-BB98-E95BF43293CF}.Debug|Any CPU.ActiveCfg = Debug|Any CPU
		{2F08ECC4-BFDB-4857-BB98-E95BF43293CF}.Debug|Any CPU.Build.0 = Debug|Any CPU
		{2F08ECC4-BFDB-4857-BB98-E95BF43293CF}.Release|Any CPU.ActiveCfg = Release|Any CPU
		{2F08ECC4-BFDB-4857-BB98-E95BF43293CF}.Release|Any CPU.Build.0 = Release|Any CPU
	EndGlobalSection
	GlobalSection(SolutionProperties) = preSolution
		HideSolutionNode = FALSE
	EndGlobalSection
	GlobalSection(ExtensibilityGlobals) = postSolution
		SolutionGuid = {9658AFC5-A3EE-4137-AD8C-00DD096D1855}
	EndGlobalSection
EndGlobal
